{
  "name": "nodebb-plugin-chinese-slugify",
  "version": "1.0.1",
  "lockfileVersion": 1,
  "requires": true,
  "dependencies": {
    "convert-chinese-to-pinyin": {
      "version": "0.1.1",
      "resolved": "https://registry.npmjs.org/convert-chinese-to-pinyin/-/convert-chinese-to-pinyin-0.1.1.tgz",
      "integrity": "sha1-8Md6C624ut96HkKcUfnZ7dsD3zI="
    }
  }
}
