{
  "name": "nodebb-plugin-chinese-slugify",
  "version": "1.0.0",
  "lockfileVersion": 1,
  "requires": true,
  "dependencies": {
    "convert-chinese-to-pinyin": {
      "version": "0.1.1",
      "resolved": "https://registry.npmjs.org/convert-chinese-to-pinyin/-/convert-chinese-to-pinyin-0.1.1.tgz",
      "integrity": "sha1-8Md6C624ut96HkKcUfnZ7dsD3zI="
    },
    "translitit-cyrillic-russian-to-latin": {
      "version": "0.1.1",
      "resolved": "https://registry.npmjs.org/translitit-cyrillic-russian-to-latin/-/translitit-cyrillic-russian-to-latin-0.1.1.tgz",
      "integrity": "sha1-zFQaa0oSvAE9XZSCyE2jQVp9mKE=",
      "requires": {
        "translitit-engine": "0.1.1"
      }
    },
    "translitit-engine": {
      "version": "0.1.1",
      "resolved": "https://registry.npmjs.org/translitit-engine/-/translitit-engine-0.1.1.tgz",
      "integrity": "sha1-j7+/IdhawIMStjgl5yB2bZrdO/g="
    }
  }
}
